// !$*UTF8*$!
{
	archiveVersion = 1;
	classes = {
	};
	objectVersion = 46;
	objects = {

/* Begin PBXBuildFile section */
		BB1664C716B934770079F85D /* UIKit.framework in Frameworks */ = {isa = PBXBuildFile; fileRef = BB1664C616B934770079F85D /* UIKit.framework */; };
		BB1664C916B934770079F85D /* Foundation.framework in Frameworks */ = {isa = PBXBuildFile; fileRef = BB1664C816B934770079F85D /* Foundation.framework */; };
		BB1664CB16B934770079F85D /* CoreGraphics.framework in Frameworks */ = {isa = PBXBuildFile; fileRef = BB1664CA16B934770079F85D /* CoreGraphics.framework */; };
		BB1664D116B934770079F85D /* InfoPlist.strings in Resources */ = {isa = PBXBuildFile; fileRef = BB1664CF16B934770079F85D /* InfoPlist.strings */; };
		BB1664D316B934770079F85D /* main.m in Sources */ = {isa = PBXBuildFile; fileRef = BB1664D216B934770079F85D /* main.m */; };
		BB1664D716B934770079F85D /* CardGameAppDelegate.m in Sources */ = {isa = PBXBuildFile; fileRef = BB1664D616B934770079F85D /* CardGameAppDelegate.m */; };
		BB1664D916B934770079F85D /* Default.png in Resources */ = {isa = PBXBuildFile; fileRef = BB1664D816B934770079F85D /* Default.png */; };
		BB1664DB16B934770079F85D /* Default@2x.png in Resources */ = {isa = PBXBuildFile; fileRef = BB1664DA16B934770079F85D /* Default@2x.png */; };
		BB1664DD16B934770079F85D /* Default-568h@2x.png in Resources */ = {isa = PBXBuildFile; fileRef = BB1664DC16B934770079F85D /* Default-568h@2x.png */; };
		BB1664E016B934770079F85D /* MainStoryboard.storyboard in Resources */ = {isa = PBXBuildFile; fileRef = BB1664DE16B934770079F85D /* MainStoryboard.storyboard */; };
		BB1664E316B934770079F85D /* CardGameViewController.m in Sources */ = {isa = PBXBuildFile; fileRef = BB1664E216B934770079F85D /* CardGameViewController.m */; };
		BB1664EB16B940660079F85D /* Card.m in Sources */ = {isa = PBXBuildFile; fileRef = BB1664EA16B940660079F85D /* Card.m */; };
		BB1664EE16B942FE0079F85D /* Deck.m in Sources */ = {isa = PBXBuildFile; fileRef = BB1664ED16B942FE0079F85D /* Deck.m */; };
		BB4E512016CFA58500D88223 /* PlayingCardGameViewController.m in Sources */ = {isa = PBXBuildFile; fileRef = BB4E511F16CFA58500D88223 /* PlayingCardGameViewController.m */; };
		BB6BF9CF16B94DCF00036139 /* PlayingCard.m in Sources */ = {isa = PBXBuildFile; fileRef = BB6BF9CE16B94DCE00036139 /* PlayingCard.m */; };
		BB80FF5916C2CC73007E4392 /* backOfCard.png in Resources */ = {isa = PBXBuildFile; fileRef = BB80FF5816C2CC73007E4392 /* backOfCard.png */; };
		BBB1D79216CBAD7500684E16 /* SetGameViewController.m in Sources */ = {isa = PBXBuildFile; fileRef = BBB1D79116CBAD7500684E16 /* SetGameViewController.m */; };
		BBB1D79516CBB41400684E16 /* SetCard.m in Sources */ = {isa = PBXBuildFile; fileRef = BBB1D79416CBB41400684E16 /* SetCard.m */; };
		BBB1D79816CBC7C500684E16 /* SetCardDeck.m in Sources */ = {isa = PBXBuildFile; fileRef = BBB1D79716CBC7C500684E16 /* SetCardDeck.m */; };
		BBB3F2A116BD883C009ACF3E /* CardMatchingGame.m in Sources */ = {isa = PBXBuildFile; fileRef = BBB3F2A016BD883C009ACF3E /* CardMatchingGame.m */; };
		BBC4153016BB3792004CF392 /* PlayingCardDeck.m in Sources */ = {isa = PBXBuildFile; fileRef = BBC4152F16BB3792004CF392 /* PlayingCardDeck.m */; };
/* End PBXBuildFile section */

/* Begin PBXFileReference section */
		BB1664C316B934770079F85D /* Matchismo.app */ = {isa = PBXFileReference; explicitFileType = wrapper.application; includeInIndex = 0; path = Matchismo.app; sourceTree = BUILT_PRODUCTS_DIR; };
		BB1664C616B934770079F85D /* UIKit.framework */ = {isa = PBXFileReference; lastKnownFileType = wrapper.framework; name = UIKit.framework; path = System/Library/Frameworks/UIKit.framework; sourceTree = SDKROOT; };
		BB1664C816B934770079F85D /* Foundation.framework */ = {isa = PBXFileReference; lastKnownFileType = wrapper.framework; name = Foundation.framework; path = System/Library/Frameworks/Foundation.framework; sourceTree = SDKROOT; };
		BB1664CA16B934770079F85D /* CoreGraphics.framework */ = {isa = PBXFileReference; lastKnownFileType = wrapper.framework; name = CoreGraphics.framework; path = System/Library/Frameworks/CoreGraphics.framework; sourceTree = SDKROOT; };
		BB1664CE16B934770079F85D /* Matchismo-Info.plist */ = {isa = PBXFileReference; lastKnownFileType = text.plist.xml; path = "Matchismo-Info.plist"; sourceTree = "<group>"; };
		BB1664D016B934770079F85D /* en */ = {isa = PBXFileReference; lastKnownFileType = text.plist.strings; name = en; path = en.lproj/InfoPlist.strings; sourceTree = "<group>"; };
		BB1664D216B934770079F85D /* main.m */ = {isa = PBXFileReference; lastKnownFileType = sourcecode.c.objc; path = main.m; sourceTree = "<group>"; };
		BB1664D416B934770079F85D /* Matchismo-Prefix.pch */ = {isa = PBXFileReference; lastKnownFileType = sourcecode.c.h; path = "Matchismo-Prefix.pch"; sourceTree = "<group>"; };
		BB1664D516B934770079F85D /* CardGameAppDelegate.h */ = {isa = PBXFileReference; lastKnownFileType = sourcecode.c.h; path = CardGameAppDelegate.h; sourceTree = "<group>"; };
		BB1664D616B934770079F85D /* CardGameAppDelegate.m */ = {isa = PBXFileReference; lastKnownFileType = sourcecode.c.objc; path = CardGameAppDelegate.m; sourceTree = "<group>"; };
		BB1664D816B934770079F85D /* Default.png */ = {isa = PBXFileReference; lastKnownFileType = image.png; path = Default.png; sourceTree = "<group>"; };
		BB1664DA16B934770079F85D /* Default@2x.png */ = {isa = PBXFileReference; lastKnownFileType = image.png; path = "Default@2x.png"; sourceTree = "<group>"; };
		BB1664DC16B934770079F85D /* Default-568h@2x.png */ = {isa = PBXFileReference; lastKnownFileType = image.png; path = "Default-568h@2x.png"; sourceTree = "<group>"; };
		BB1664DF16B934770079F85D /* en */ = {isa = PBXFileReference; lastKnownFileType = file.storyboard; name = en; path = en.lproj/MainStoryboard.storyboard; sourceTree = "<group>"; };
		BB1664E116B934770079F85D /* CardGameViewController.h */ = {isa = PBXFileReference; lastKnownFileType = sourcecode.c.h; path = CardGameViewController.h; sourceTree = "<group>"; };
		BB1664E216B934770079F85D /* CardGameViewController.m */ = {isa = PBXFileReference; lastKnownFileType = sourcecode.c.objc; path = CardGameViewController.m; sourceTree = "<group>"; };
		BB1664E916B940660079F85D /* Card.h */ = {isa = PBXFileReference; fileEncoding = 4; lastKnownFileType = sourcecode.c.h; name = Card.h; path = Model/Card.h; sourceTree = "<group>"; };
		BB1664EA16B940660079F85D /* Card.m */ = {isa = PBXFileReference; fileEncoding = 4; lastKnownFileType = sourcecode.c.objc; name = Card.m; path = Model/Card.m; sourceTree = "<group>"; };
		BB1664EC16B942FD0079F85D /* Deck.h */ = {isa = PBXFileReference; fileEncoding = 4; lastKnownFileType = sourcecode.c.h; name = Deck.h; path = Model/Deck.h; sourceTree = "<group>"; };
		BB1664ED16B942FE0079F85D /* Deck.m */ = {isa = PBXFileReference; fileEncoding = 4; lastKnownFileType = sourcecode.c.objc; name = Deck.m; path = Model/Deck.m; sourceTree = "<group>"; };
		BB4E511E16CFA58500D88223 /* PlayingCardGameViewController.h */ = {isa = PBXFileReference; fileEncoding = 4; lastKnownFileType = sourcecode.c.h; path = PlayingCardGameViewController.h; sourceTree = "<group>"; };
		BB4E511F16CFA58500D88223 /* PlayingCardGameViewController.m */ = {isa = PBXFileReference; fileEncoding = 4; lastKnownFileType = sourcecode.c.objc; path = PlayingCardGameViewController.m; sourceTree = "<group>"; };
		BB6BF9CD16B94DCE00036139 /* PlayingCard.h */ = {isa = PBXFileReference; fileEncoding = 4; lastKnownFileType = sourcecode.c.h; name = PlayingCard.h; path = Model/PlayingCard.h; sourceTree = "<group>"; };
		BB6BF9CE16B94DCE00036139 /* PlayingCard.m */ = {isa = PBXFileReference; fileEncoding = 4; lastKnownFileType = sourcecode.c.objc; name = PlayingCard.m; path = Model/PlayingCard.m; sourceTree = "<group>"; };
		BB80FF5816C2CC73007E4392 /* backOfCard.png */ = {isa = PBXFileReference; lastKnownFileType = image.png; path = backOfCard.png; sourceTree = "<group>"; };
		BB80FF5A16C2CD3C007E4392 /* CardMatchingGame.h */ = {isa = PBXFileReference; fileEncoding = 4; lastKnownFileType = sourcecode.c.h; name = CardMatchingGame.h; path = Model/CardMatchingGame.h; sourceTree = "<group>"; };
		BBB1D79016CBAD7500684E16 /* SetGameViewController.h */ = {isa = PBXFileReference; fileEncoding = 4; lastKnownFileType = sourcecode.c.h; path = SetGameViewController.h; sourceTree = "<group>"; };
		BBB1D79116CBAD7500684E16 /* SetGameViewController.m */ = {isa = PBXFileReference; fileEncoding = 4; lastKnownFileType = sourcecode.c.objc; path = SetGameViewController.m; sourceTree = "<group>"; };
		BBB1D79316CBB41400684E16 /* SetCard.h */ = {isa = PBXFileReference; fileEncoding = 4; lastKnownFileType = sourcecode.c.h; name = SetCard.h; path = Model/SetCard.h; sourceTree = "<group>"; };
		BBB1D79416CBB41400684E16 /* SetCard.m */ = {isa = PBXFileReference; fileEncoding = 4; lastKnownFileType = sourcecode.c.objc; name = SetCard.m; path = Model/SetCard.m; sourceTree = "<group>"; };
		BBB1D79616CBC7C500684E16 /* SetCardDeck.h */ = {isa = PBXFileReference; fileEncoding = 4; lastKnownFileType = sourcecode.c.h; name = SetCardDeck.h; path = Model/SetCardDeck.h; sourceTree = "<group>"; };
		BBB1D79716CBC7C500684E16 /* SetCardDeck.m */ = {isa = PBXFileReference; fileEncoding = 4; lastKnownFileType = sourcecode.c.objc; name = SetCardDeck.m; path = Model/SetCardDeck.m; sourceTree = "<group>"; };
		BBB3F2A016BD883C009ACF3E /* CardMatchingGame.m */ = {isa = PBXFileReference; fileEncoding = 4; lastKnownFileType = sourcecode.c.objc; name = CardMatchingGame.m; path = Model/CardMatchingGame.m; sourceTree = "<group>"; };
		BBC4152E16BB3792004CF392 /* PlayingCardDeck.h */ = {isa = PBXFileReference; fileEncoding = 4; lastKnownFileType = sourcecode.c.h; name = PlayingCardDeck.h; path = Model/PlayingCardDeck.h; sourceTree = "<group>"; };
		BBC4152F16BB3792004CF392 /* PlayingCardDeck.m */ = {isa = PBXFileReference; fileEncoding = 4; lastKnownFileType = sourcecode.c.objc; name = PlayingCardDeck.m; path = Model/PlayingCardDeck.m; sourceTree = "<group>"; };
/* End PBXFileReference section */

/* Begin PBXFrameworksBuildPhase section */
		BB1664C016B934770079F85D /* Frameworks */ = {
			isa = PBXFrameworksBuildPhase;
			buildActionMask = 2147483647;
			files = (
				BB1664C716B934770079F85D /* UIKit.framework in Frameworks */,
				BB1664C916B934770079F85D /* Foundation.framework in Frameworks */,
				BB1664CB16B934770079F85D /* CoreGraphics.framework in Frameworks */,
			);
			runOnlyForDeploymentPostprocessing = 0;
		};
/* End PBXFrameworksBuildPhase section */

/* Begin PBXGroup section */
		BB1664BA16B934770079F85D = {
			isa = PBXGroup;
			children = (
				BB1664CC16B934770079F85D /* Matchismo */,
				BB1664C516B934770079F85D /* Frameworks */,
				BB1664C416B934770079F85D /* Products */,
			);
			sourceTree = "<group>";
		};
		BB1664C416B934770079F85D /* Products */ = {
			isa = PBXGroup;
			children = (
				BB1664C316B934770079F85D /* Matchismo.app */,
			);
			name = Products;
			sourceTree = "<group>";
		};
		BB1664C516B934770079F85D /* Frameworks */ = {
			isa = PBXGroup;
			children = (
				BB1664C616B934770079F85D /* UIKit.framework */,
				BB1664C816B934770079F85D /* Foundation.framework */,
				BB1664CA16B934770079F85D /* CoreGraphics.framework */,
			);
			name = Frameworks;
			sourceTree = "<group>";
		};
		BB1664CC16B934770079F85D /* Matchismo */ = {
			isa = PBXGroup;
			children = (
				BB1664DE16B934770079F85D /* MainStoryboard.storyboard */,
				BB4E511E16CFA58500D88223 /* PlayingCardGameViewController.h */,
				BB4E511F16CFA58500D88223 /* PlayingCardGameViewController.m */,
				BBB1D79016CBAD7500684E16 /* SetGameViewController.h */,
				BBB1D79116CBAD7500684E16 /* SetGameViewController.m */,
				BB1664E116B934770079F85D /* CardGameViewController.h */,
				BB1664E216B934770079F85D /* CardGameViewController.m */,
				BB1664EF16B943060079F85D /* Model */,
				BB1664CD16B934770079F85D /* Supporting Files */,
			);
			path = Matchismo;
			sourceTree = "<group>";
		};
		BB1664CD16B934770079F85D /* Supporting Files */ = {
			isa = PBXGroup;
			children = (
				BB1664D516B934770079F85D /* CardGameAppDelegate.h */,
				BB1664D616B934770079F85D /* CardGameAppDelegate.m */,
				BB1664CE16B934770079F85D /* Matchismo-Info.plist */,
				BB1664CF16B934770079F85D /* InfoPlist.strings */,
				BB1664D216B934770079F85D /* main.m */,
				BB1664D416B934770079F85D /* Matchismo-Prefix.pch */,
				BB1664D816B934770079F85D /* Default.png */,
				BB1664DA16B934770079F85D /* Default@2x.png */,
				BB1664DC16B934770079F85D /* Default-568h@2x.png */,
			);
			name = "Supporting Files";
			sourceTree = "<group>";
		};
		BB1664EF16B943060079F85D /* Model */ = {
			isa = PBXGroup;
			children = (
				BB80FF5A16C2CD3C007E4392 /* CardMatchingGame.h */,
				BBB3F2A016BD883C009ACF3E /* CardMatchingGame.m */,
				BBC4152E16BB3792004CF392 /* PlayingCardDeck.h */,
				BBC4152F16BB3792004CF392 /* PlayingCardDeck.m */,
				BB6BF9CD16B94DCE00036139 /* PlayingCard.h */,
				BB6BF9CE16B94DCE00036139 /* PlayingCard.m */,
				BBB1D79616CBC7C500684E16 /* SetCardDeck.h */,
				BBB1D79716CBC7C500684E16 /* SetCardDeck.m */,
				BBB1D79316CBB41400684E16 /* SetCard.h */,
				BBB1D79416CBB41400684E16 /* SetCard.m */,
				BB1664E916B940660079F85D /* Card.h */,
				BB1664EA16B940660079F85D /* Card.m */,
				BB1664EC16B942FD0079F85D /* Deck.h */,
				BB1664ED16B942FE0079F85D /* Deck.m */,
				BB80FF5816C2CC73007E4392 /* backOfCard.png */,
			);
			name = Model;
			sourceTree = "<group>";
		};
/* End PBXGroup section */

/* Begin PBXNativeTarget section */
		BB1664C216B934770079F85D /* Matchismo */ = {
			isa = PBXNativeTarget;
			buildConfigurationList = BB1664E616B934770079F85D /* Build configuration list for PBXNativeTarget "Matchismo" */;
			buildPhases = (
				BB1664BF16B934770079F85D /* Sources */,
				BB1664C016B934770079F85D /* Frameworks */,
				BB1664C116B934770079F85D /* Resources */,
			);
			buildRules = (
			);
			dependencies = (
			);
			name = Matchismo;
			productName = Matchismo;
			productReference = BB1664C316B934770079F85D /* Matchismo.app */;
			productType = "com.apple.product-type.application";
		};
/* End PBXNativeTarget section */

/* Begin PBXProject section */
		BB1664BB16B934770079F85D /* Project object */ = {
			isa = PBXProject;
			attributes = {
				CLASSPREFIX = CardGame;
				LastUpgradeCheck = 0460;
				ORGANIZATIONNAME = "Felipe Valduga";
			};
			buildConfigurationList = BB1664BE16B934770079F85D /* Build configuration list for PBXProject "Matchismo" */;
			compatibilityVersion = "Xcode 3.2";
			developmentRegion = English;
			hasScannedForEncodings = 0;
			knownRegions = (
				en,
			);
			mainGroup = BB1664BA16B934770079F85D;
			productRefGroup = BB1664C416B934770079F85D /* Products */;
			projectDirPath = "";
			projectRoot = "";
			targets = (
				BB1664C216B934770079F85D /* Matchismo */,
			);
		};
/* End PBXProject section */

/* Begin PBXResourcesBuildPhase section */
		BB1664C116B934770079F85D /* Resources */ = {
			isa = PBXResourcesBuildPhase;
			buildActionMask = 2147483647;
			files = (
				BB1664D116B934770079F85D /* InfoPlist.strings in Resources */,
				BB1664D916B934770079F85D /* Default.png in Resources */,
				BB1664DB16B934770079F85D /* Default@2x.png in Resources */,
				BB1664DD16B934770079F85D /* Default-568h@2x.png in Resources */,
				BB1664E016B934770079F85D /* MainStoryboard.storyboard in Resources */,
				BB80FF5916C2CC73007E4392 /* backOfCard.png in Resources */,
			);
			runOnlyForDeploymentPostprocessing = 0;
		};
/* End PBXResourcesBuildPhase section */

/* Begin PBXSourcesBuildPhase section */
		BB1664BF16B934770079F85D /* Sources */ = {
			isa = PBXSourcesBuildPhase;
			buildActionMask = 2147483647;
			files = (
				BB1664D316B934770079F85D /* main.m in Sources */,
				BB1664D716B934770079F85D /* CardGameAppDelegate.m in Sources */,
				BB1664E316B934770079F85D /* CardGameViewController.m in Sources */,
				BB1664EB16B940660079F85D /* Card.m in Sources */,
				BB1664EE16B942FE0079F85D /* Deck.m in Sources */,
				BB6BF9CF16B94DCF00036139 /* PlayingCard.m in Sources */,
				BBC4153016BB3792004CF392 /* PlayingCardDeck.m in Sources */,
				BBB3F2A116BD883C009ACF3E /* CardMatchingGame.m in Sources */,
				BBB1D79216CBAD7500684E16 /* SetGameViewController.m in Sources */,
				BBB1D79516CBB41400684E16 /* SetCard.m in Sources */,
				BBB1D79816CBC7C500684E16 /* SetCardDeck.m in Sources */,
				BB4E512016CFA58500D88223 /* PlayingCardGameViewController.m in Sources */,
			);
			runOnlyForDeploymentPostprocessing = 0;
		};
/* End PBXSourcesBuildPhase section */

/* Begin PBXVariantGroup section */
		BB1664CF16B934770079F85D /* InfoPlist.strings */ = {
			isa = PBXVariantGroup;
			children = (
				BB1664D016B934770079F85D /* en */,
			);
			name = InfoPlist.strings;
			sourceTree = "<group>";
		};
		BB1664DE16B934770079F85D /* MainStoryboard.storyboard */ = {
			isa = PBXVariantGroup;
			children = (
				BB1664DF16B934770079F85D /* en */,
			);
			name = MainStoryboard.storyboard;
			sourceTree = "<group>";
		};
/* End PBXVariantGroup section */

/* Begin XCBuildConfiguration section */
		BB1664E416B934770079F85D /* Debug */ = {
			isa = XCBuildConfiguration;
			buildSettings = {
				ALWAYS_SEARCH_USER_PATHS = NO;
				CLANG_CXX_LANGUAGE_STANDARD = "gnu++0x";
				CLANG_CXX_LIBRARY = "libc++";
				CLANG_ENABLE_OBJC_ARC = YES;
				CLANG_WARN_CONSTANT_CONVERSION = YES;
				CLANG_WARN_EMPTY_BODY = YES;
				CLANG_WARN_ENUM_CONVERSION = YES;
				CLANG_WARN_INT_CONVERSION = YES;
				CLANG_WARN__DUPLICATE_METHOD_MATCH = YES;
				"CODE_SIGN_IDENTITY[sdk=iphoneos*]" = "iPhone Developer";
				COPY_PHASE_STRIP = NO;
				GCC_C_LANGUAGE_STANDARD = gnu99;
				GCC_DYNAMIC_NO_PIC = NO;
				GCC_OPTIMIZATION_LEVEL = 0;
				GCC_PREPROCESSOR_DEFINITIONS = (
					"DEBUG=1",
					"$(inherited)",
				);
				GCC_SYMBOLS_PRIVATE_EXTERN = NO;
				GCC_WARN_ABOUT_RETURN_TYPE = YES;
				GCC_WARN_UNINITIALIZED_AUTOS = YES;
				GCC_WARN_UNUSED_VARIABLE = YES;
				IPHONEOS_DEPLOYMENT_TARGET = 6.1;
				ONLY_ACTIVE_ARCH = YES;
				SDKROOT = iphoneos;
			};
			name = Debug;
		};
		BB1664E516B934770079F85D /* Release */ = {
			isa = XCBuildConfiguration;
			buildSettings = {
				ALWAYS_SEARCH_USER_PATHS = NO;
				CLANG_CXX_LANGUAGE_STANDARD = "gnu++0x";
				CLANG_CXX_LIBRARY = "libc++";
				CLANG_ENABLE_OBJC_ARC = YES;
				CLANG_WARN_CONSTANT_CONVERSION = YES;
				CLANG_WARN_EMPTY_BODY = YES;
				CLANG_WARN_ENUM_CONVERSION = YES;
				CLANG_WARN_INT_CONVERSION = YES;
				CLANG_WARN__DUPLICATE_METHOD_MATCH = YES;
				"CODE_SIGN_IDENTITY[sdk=iphoneos*]" = "iPhone Developer";
				COPY_PHASE_STRIP = YES;
				GCC_C_LANGUAGE_STANDARD = gnu99;
				GCC_WARN_ABOUT_RETURN_TYPE = YES;
				GCC_WARN_UNINITIALIZED_AUTOS = YES;
				GCC_WARN_UNUSED_VARIABLE = YES;
				IPHONEOS_DEPLOYMENT_TARGET = 6.1;
				OTHER_CFLAGS = "-DNS_BLOCK_ASSERTIONS=1";
				SDKROOT = iphoneos;
				VALIDATE_PRODUCT = YES;
			};
			name = Release;
		};
		BB1664E716B934770079F85D /* Debug */ = {
			isa = XCBuildConfiguration;
			buildSettings = {
				GCC_PRECOMPILE_PREFIX_HEADER = YES;
				GCC_PREFIX_HEADER = "Matchismo/Matchismo-Prefix.pch";
				INFOPLIST_FILE = "Matchismo/Matchismo-Info.plist";
				IPHONEOS_DEPLOYMENT_TARGET = 6.1;
				PRODUCT_NAME = "$(TARGET_NAME)";
				WRAPPER_EXTENSION = app;
			};
			name = Debug;
		};
		BB1664E816B934770079F85D /* Release */ = {
			isa = XCBuildConfiguration;
			buildSettings = {
				GCC_PRECOMPILE_PREFIX_HEADER = YES;
				GCC_PREFIX_HEADER = "Matchismo/Matchismo-Prefix.pch";
				INFOPLIST_FILE = "Matchismo/Matchismo-Info.plist";
				IPHONEOS_DEPLOYMENT_TARGET = 6.1;
				PRODUCT_NAME = "$(TARGET_NAME)";
				WRAPPER_EXTENSION = app;
			};
			name = Release;
		};
/* End XCBuildConfiguration section */

/* Begin XCConfigurationList section */
		BB1664BE16B934770079F85D /* Build configuration list for PBXProject "Matchismo" */ = {
			isa = XCConfigurationList;
			buildConfigurations = (
				BB1664E416B934770079F85D /* Debug */,
				BB1664E516B934770079F85D /* Release */,
			);
			defaultConfigurationIsVisible = 0;
			defaultConfigurationName = Release;
		};
		BB1664E616B934770079F85D /* Build configuration list for PBXNativeTarget "Matchismo" */ = {
			isa = XCConfigurationList;
			buildConfigurations = (
				BB1664E716B934770079F85D /* Debug */,
				BB1664E816B934770079F85D /* Release */,
			);
			defaultConfigurationIsVisible = 0;
			defaultConfigurationName = Release;
		};
/* End XCConfigurationList section */
	};
	rootObject = BB1664BB16B934770079F85D /* Project object */;
}
